
Microsoft Visual Studio Solution File, Format Version 12.00
# Visual Studio Version 17
VisualStudioVersion = 17.3.32929.385
MinimumVisualStudioVersion = 10.0.40219.1
Project("{FAE04EC0-301F-11D3-BF4B-00C04F79EFBC}") = "gpFormGeçiş", "gpFormGeçiş.csproj", "{49794278-E06D-4FD1-8F7B-BE15BD960A18}"
EndProject
Global
	GlobalSection(SolutionConfigurationPlatforms) = preSolution
		Debug|Any CPU = Debug|Any CPU
		Release|Any CPU = Release|Any CPU
	EndGlobalSection
	GlobalSection(ProjectConfigurationPlatforms) = postSolution
		{49794278-E06D-4FD1-8F7B-BE15BD960A18}.Debug|Any CPU.ActiveCfg = Debug|Any CPU
		{49794278-E06D-4FD1-8F7B-BE15BD960A18}.Debug|Any CPU.Build.0 = Debug|Any CPU
		{49794278-E06D-4FD1-8F7B-BE15BD960A18}.Release|Any CPU.ActiveCfg = Release|Any CPU
		{49794278-E06D-4FD1-8F7B-BE15BD960A18}.Release|Any CPU.Build.0 = Release|Any CPU
	EndGlobalSection
	GlobalSection(SolutionProperties) = preSolution
		HideSolutionNode = FALSE
	EndGlobalSection
	GlobalSection(ExtensibilityGlobals) = postSolution
		SolutionGuid = {2E69E412-F78F-4B7D-822B-58D14811E850}
	EndGlobalSection
EndGlobal
