
Microsoft Visual Studio Solution File, Format Version 12.00
# Visual Studio Version 17
VisualStudioVersion = 17.3.32929.385
MinimumVisualStudioVersion = 10.0.40219.1
Project("{FAE04EC0-301F-11D3-BF4B-00C04F79EFBC}") = "gpProje", "gpProje.csproj", "{DBEEED60-4296-452B-8B72-2F012B7E6F85}"
EndProject
Global
	GlobalSection(SolutionConfigurationPlatforms) = preSolution
		Debug|Any CPU = Debug|Any CPU
		Release|Any CPU = Release|Any CPU
	EndGlobalSection
	GlobalSection(ProjectConfigurationPlatforms) = postSolution
		{DBEEED60-4296-452B-8B72-2F012B7E6F85}.Debug|Any CPU.ActiveCfg = Debug|Any CPU
		{DBEEED60-4296-452B-8B72-2F012B7E6F85}.Debug|Any CPU.Build.0 = Debug|Any CPU
		{DBEEED60-4296-452B-8B72-2F012B7E6F85}.Release|Any CPU.ActiveCfg = Release|Any CPU
		{DBEEED60-4296-452B-8B72-2F012B7E6F85}.Release|Any CPU.Build.0 = Release|Any CPU
	EndGlobalSection
	GlobalSection(SolutionProperties) = preSolution
		HideSolutionNode = FALSE
	EndGlobalSection
	GlobalSection(ExtensibilityGlobals) = postSolution
		SolutionGuid = {0917CA7C-311F-4A73-B590-1B542739B1CB}
	EndGlobalSection
EndGlobal
